schema: '2.0'
stages:
  data_cleaning:
    cmd: python src/data/data_cleaning.py
    deps:
    - path: data/raw/swiggy.csv
      hash: md5
      md5: 0b050b37dfe6cfbfaa18d7cb4e454377
      size: 7772212
    - path: src/data/data_cleaning.py
      hash: md5
      md5: f5ad421aafd57c91a1366fef5b226570
      size: 9519
    outs:
    - path: data/cleaned/swiggy_cleaned.csv
      hash: md5
      md5: 4918716e52fc57babdcd400dfb3c3f29
      size: 4508527
  data_preparation:
    cmd: python src/data/data_preparation.py
    deps:
    - path: data/cleaned/swiggy_cleaned.csv
      hash: md5
      md5: 4918716e52fc57babdcd400dfb3c3f29
      size: 4508527
    - path: src/data/data_preparation.py
      hash: md5
      md5: b97a07258b547e03768bab50f2f670ea
      size: 3007
    params:
      params.yaml:
        Data_Preparation.random_state: 43
        Data_Preparation.test_size: 0.25
    outs:
    - path: data/interim/test.csv
      hash: md5
      md5: 165a2eb77878fb5150ab82f3545aa273
      size: 1125354
    - path: data/interim/train.csv
      hash: md5
      md5: 756ace0abc8a823cd4d9d456aabc33f2
      size: 3380215
  data_preprocessing:
    cmd: python src/features/data_preprocessing.py
    deps:
    - path: data/interim/test.csv
      hash: md5
      md5: 165a2eb77878fb5150ab82f3545aa273
      size: 1125354
    - path: data/interim/train.csv
      hash: md5
      md5: 756ace0abc8a823cd4d9d456aabc33f2
      size: 3380215
    - path: src/features/data_preprocessing.py
      hash: md5
      md5: 8d229dcd0fdbfa8ededebe43835f4557
      size: 6949
    outs:
    - path: data/processed/test_trans.csv
      hash: md5
      md5: 0563b42e3493b041eee03c9ace628932
      size: 1355918
    - path: data/processed/train_trans.csv
      hash: md5
      md5: 072c7dc01bf1446878c0fb18d3cc5268
      size: 4062815
    - path: models/preprocessor.joblib
      hash: md5
      md5: 49840ba257c3cb6bd357fa3927799b0e
      size: 7243
  train:
    cmd: python src/models/train.py
    deps:
    - path: data/processed/train_trans.csv
      hash: md5
      md5: 072c7dc01bf1446878c0fb18d3cc5268
      size: 4062815
    - path: src/models/train.py
      hash: md5
      md5: bfdb9c9f336221797ede8d55a4526d52
      size: 4155
    params:
      params.yaml:
        Train.LightGBM:
          n_estimators: 102
          max_depth: 27
          learning_rate: 0.31372375074403747
          subsample: 0.550242839101596
          min_child_weight: 6
          min_split_gain: 0.08875255169057228
          reg_lambda: 41.83832552457232
    outs:
    - path: models/lgbm_regressor.joblib
      hash: md5
      md5: 92c0d65291817efb86b5b319d6a113b7
      size: 86394
    - path: models/model.joblib
      hash: md5
      md5: 32a4c1295850f9fe10ec3e22205d06f3
      size: 90296
    - path: models/power_transformer.joblib
      hash: md5
      md5: 2d44fc08d7c1850b06ada117b6025f8a
      size: 837
  evaluation:
    cmd: python src/models/evaluation.py
    deps:
    - path: data/processed/test_trans.csv
      hash: md5
      md5: 0563b42e3493b041eee03c9ace628932
      size: 1355918
    - path: data/processed/train_trans.csv
      hash: md5
      md5: 072c7dc01bf1446878c0fb18d3cc5268
      size: 4062815
    - path: models/model.joblib
      hash: md5
      md5: 32a4c1295850f9fe10ec3e22205d06f3
      size: 90296
    - path: src/models/evaluation.py
      hash: md5
      md5: ce18051fe2ca4ecacb0492c640768341
      size: 6025
    outs:
    - path: run_information.json
      hash: md5
      md5: cc4822209e1a2b902b2f20a2a1335d6c
      size: 220
  register_model:
    cmd: python src/models/register_model.py
    deps:
    - path: run_information.json
      hash: md5
      md5: cc4822209e1a2b902b2f20a2a1335d6c
      size: 220
    - path: src/models/register_model.py
      hash: md5
      md5: 32ed66e5429b059485fc6a66529f0db5
      size: 2130
