schema: '2.0'
stages:
  data_cleaning:
    cmd: python src/data/data_cleaning.py
    deps:
    - path: data/raw/swiggy.csv
      hash: md5
      md5: 0b050b37dfe6cfbfaa18d7cb4e454377
      size: 7772212
    - path: src/data/data_cleaning.py
      hash: md5
      md5: f5ad421aafd57c91a1366fef5b226570
      size: 9519
    outs:
    - path: data/cleaned/swiggy_cleaned.csv
      hash: md5
      md5: 4918716e52fc57babdcd400dfb3c3f29
      size: 4508527
  data_preparation:
    cmd: python src/data/data_preparation.py
    deps:
    - path: data/cleaned/swiggy_cleaned.csv
      hash: md5
      md5: 4918716e52fc57babdcd400dfb3c3f29
      size: 4508527
    - path: src/data/data_preparation.py
      hash: md5
      md5: b97a07258b547e03768bab50f2f670ea
      size: 3007
    params:
      params.yaml:
        Data_Preparation.random_state: 40
        Data_Preparation.test_size: 0.25
    outs:
    - path: data/interim/test.csv
      hash: md5
      md5: 39f3790ff3374c0380306dd3557442dd
      size: 1127247
    - path: data/interim/train.csv
      hash: md5
      md5: 31b9f191fb561916faeca3a526d29342
      size: 3378322
  data_preprocessing:
    cmd: python src/features/data_preprocessing.py
    deps:
    - path: data/interim/test.csv
      hash: md5
      md5: 39f3790ff3374c0380306dd3557442dd
      size: 1127247
    - path: data/interim/train.csv
      hash: md5
      md5: 31b9f191fb561916faeca3a526d29342
      size: 3378322
    - path: src/features/data_preprocessing.py
      hash: md5
      md5: 8d229dcd0fdbfa8ededebe43835f4557
      size: 6949
    outs:
    - path: data/processed/test_trans.csv
      hash: md5
      md5: eb0d5a645f674261ddb0adc48cc3e737
      size: 1361295
    - path: data/processed/train_trans.csv
      hash: md5
      md5: ae43dfde70f9d15b21c858dd1040a03e
      size: 4058739
    - path: models/preprocessor.joblib
      hash: md5
      md5: aff660530e989b0181d61b62e38aee26
      size: 7243
  train:
    cmd: python src/models/train.py
    deps:
    - path: data/processed/train_trans.csv
      hash: md5
      md5: ae43dfde70f9d15b21c858dd1040a03e
      size: 4058739
    - path: src/models/train.py
      hash: md5
      md5: bfdb9c9f336221797ede8d55a4526d52
      size: 4155
    params:
      params.yaml:
        Train.LightGBM:
          n_estimators: 102
          max_depth: 27
          learning_rate: 0.31372375074403747
          subsample: 0.550242839101596
          min_child_weight: 6
          min_split_gain: 0.08875255169057228
          reg_lambda: 41.83832552457232
    outs:
    - path: models/lgbm_regressor.joblib
      hash: md5
      md5: 0b256aa984a65b894da7bcde16568786
      size: 85491
    - path: models/model.joblib
      hash: md5
      md5: 7279cd82e37290aa0a46ee06c6eefe7e
      size: 89400
    - path: models/power_transformer.joblib
      hash: md5
      md5: 59a24d1c34e1cb328a5767491c4aaa46
      size: 837
  evaluation:
    cmd: python src/models/evaluation.py
    deps:
    - path: data/processed/test_trans.csv
      hash: md5
      md5: eb0d5a645f674261ddb0adc48cc3e737
      size: 1361295
    - path: data/processed/train_trans.csv
      hash: md5
      md5: ae43dfde70f9d15b21c858dd1040a03e
      size: 4058739
    - path: models/model.joblib
      hash: md5
      md5: 7279cd82e37290aa0a46ee06c6eefe7e
      size: 89400
    - path: src/models/evaluation.py
      hash: md5
      md5: ce18051fe2ca4ecacb0492c640768341
      size: 6025
    outs:
    - path: run_information.json
      hash: md5
      md5: 1cae80a84fda32e27a84a1fe1545924c
      size: 220
  register_model:
    cmd: python src/models/register_model.py
    deps:
    - path: run_information.json
      hash: md5
      md5: 1cae80a84fda32e27a84a1fe1545924c
      size: 220
    - path: src/models/register_model.py
      hash: md5
      md5: 32ed66e5429b059485fc6a66529f0db5
      size: 2130
